// !$*UTF8*$!
{
	archiveVersion = 1;
	classes = {
	};
	objectVersion = 46;
	objects = {

/* Begin PBXBuildFile section */
		1108ADD91A264C7D00CC4127 /* cell.mp3 in Resources */ = {isa = PBXBuildFile; fileRef = 1108ADA21A264C7D00CC4127 /* cell.mp3 */; };
		1108ADDA1A264C7D00CC4127 /* Dragon Ball Z Dubstep BY DJ L copy.mp3 in Resources */ = {isa = PBXBuildFile; fileRef = 1108ADA31A264C7D00CC4127 /* Dragon Ball Z Dubstep BY DJ L copy.mp3 */; };
		1108ADDB1A264C7D00CC4127 /* Dragon_Ball_Dub_Step.mp3 in Resources */ = {isa = PBXBuildFile; fileRef = 1108ADA41A264C7D00CC4127 /* Dragon_Ball_Dub_Step.mp3 */; };
		1108ADDC1A264C7D00CC4127 /* dragon_ball_gt.mp3 in Resources */ = {isa = PBXBuildFile; fileRef = 1108ADA51A264C7D00CC4127 /* dragon_ball_gt.mp3 */; };
		1108ADDD1A264C7D00CC4127 /* dragon_ball_opening.mp3 in Resources */ = {isa = PBXBuildFile; fileRef = 1108ADA61A264C7D00CC4127 /* dragon_ball_opening.mp3 */; };
		1108ADDE1A264C7D00CC4127 /* dragon_ball_z.mp3 in Resources */ = {isa = PBXBuildFile; fileRef = 1108ADA71A264C7D00CC4127 /* dragon_ball_z.mp3 */; };
		1108ADDF1A264C7D00CC4127 /* dragon_ball_z_theme.mp3 in Resources */ = {isa = PBXBuildFile; fileRef = 1108ADA81A264C7D00CC4127 /* dragon_ball_z_theme.mp3 */; };
		1108ADE01A264C7D00CC4127 /* dragon_ball_z_theme2.mp3 in Resources */ = {isa = PBXBuildFile; fileRef = 1108ADA91A264C7D00CC4127 /* dragon_ball_z_theme2.mp3 */; };
		1108ADE11A264C7D00CC4127 /* perfect_cell.mp3 in Resources */ = {isa = PBXBuildFile; fileRef = 1108ADAA1A264C7D00CC4127 /* perfect_cell.mp3 */; };
		1108ADE21A264C7D00CC4127 /* perfect_cell_theme.mp3 in Resources */ = {isa = PBXBuildFile; fileRef = 1108ADAB1A264C7D00CC4127 /* perfect_cell_theme.mp3 */; };
		1108ADE31A264C7D00CC4127 /* RockTheDragon.mp3 in Resources */ = {isa = PBXBuildFile; fileRef = 1108ADAC1A264C7D00CC4127 /* RockTheDragon.mp3 */; };
		1108ADE41A264C7D00CC4127 /* vegeta_attack_theme.mp3 in Resources */ = {isa = PBXBuildFile; fileRef = 1108ADAD1A264C7D00CC4127 /* vegeta_attack_theme.mp3 */; };
		1108ADE51A264C7D00CC4127 /* ZMiX_-_Dragon_Ball_Z_Rock_The_Dragon_(Dubs copy.mp3 in Resources */ = {isa = PBXBuildFile; fileRef = 1108ADAE1A264C7D00CC4127 /* ZMiX_-_Dragon_Ball_Z_Rock_The_Dragon_(Dubs copy.mp3 */; };
		1108ADE61A264C7D00CC4127 /* aura-big.wav in Resources */ = {isa = PBXBuildFile; fileRef = 1108ADB01A264C7D00CC4127 /* aura-big.wav */; };
		1108ADE71A264C7D00CC4127 /* aura.wav in Resources */ = {isa = PBXBuildFile; fileRef = 1108ADB11A264C7D00CC4127 /* aura.wav */; };
		1108ADE81A264C7D00CC4127 /* basicbeam_charge.wav in Resources */ = {isa = PBXBuildFile; fileRef = 1108ADB21A264C7D00CC4127 /* basicbeam_charge.wav */; };
		1108ADE91A264C7D00CC4127 /* basicbeam_fire.wav in Resources */ = {isa = PBXBuildFile; fileRef = 1108ADB31A264C7D00CC4127 /* basicbeam_fire.wav */; };
		1108ADEA1A264C7D00CC4127 /* boom.wav in Resources */ = {isa = PBXBuildFile; fileRef = 1108ADB41A264C7D00CC4127 /* boom.wav */; };
		1108ADEB1A264C7D00CC4127 /* chainswoop.wav in Resources */ = {isa = PBXBuildFile; fileRef = 1108ADB51A264C7D00CC4127 /* chainswoop.wav */; };
		1108ADEC1A264C7D00CC4127 /* descend.wav in Resources */ = {isa = PBXBuildFile; fileRef = 1108ADB61A264C7D00CC4127 /* descend.wav */; };
		1108ADED1A264C7D00CC4127 /* explosion.wav in Resources */ = {isa = PBXBuildFile; fileRef = 1108ADB71A264C7D00CC4127 /* explosion.wav */; };
		1108ADEE1A264C7D00CC4127 /* explosion1.wav in Resources */ = {isa = PBXBuildFile; fileRef = 1108ADB81A264C7D00CC4127 /* explosion1.wav */; };
		1108ADEF1A264C7D00CC4127 /* Explosion2.wav in Resources */ = {isa = PBXBuildFile; fileRef = 1108ADB91A264C7D00CC4127 /* Explosion2.wav */; };
		1108ADF01A264C7D00CC4127 /* finalflash.wav in Resources */ = {isa = PBXBuildFile; fileRef = 1108ADBA1A264C7D00CC4127 /* finalflash.wav */; };
		1108ADF11A264C7D00CC4127 /* groundhit2.wav in Resources */ = {isa = PBXBuildFile; fileRef = 1108ADBB1A264C7D00CC4127 /* groundhit2.wav */; };
		1108ADF21A264C7D00CC4127 /* groundrecover.wav in Resources */ = {isa = PBXBuildFile; fileRef = 1108ADBC1A264C7D00CC4127 /* groundrecover.wav */; };
		1108ADF31A264C7D00CC4127 /* jump.wav in Resources */ = {isa = PBXBuildFile; fileRef = 1108ADBD1A264C7D00CC4127 /* jump.wav */; };
		1108ADF41A264C7D00CC4127 /* kame_charge.wav in Resources */ = {isa = PBXBuildFile; fileRef = 1108ADBE1A264C7D00CC4127 /* kame_charge.wav */; };
		1108ADF51A264C7D00CC4127 /* kamehameha_fire.wav in Resources */ = {isa = PBXBuildFile; fileRef = 1108ADBF1A264C7D00CC4127 /* kamehameha_fire.wav */; };
		1108ADF61A264C7D00CC4127 /* kiplosion.wav in Resources */ = {isa = PBXBuildFile; fileRef = 1108ADC01A264C7D00CC4127 /* kiplosion.wav */; };
		1108ADF71A264C7D00CC4127 /* mase_charge.wav in Resources */ = {isa = PBXBuildFile; fileRef = 1108ADC11A264C7D00CC4127 /* mase_charge.wav */; };
		1108ADF81A264C7D00CC4127 /* mediumkick.wav in Resources */ = {isa = PBXBuildFile; fileRef = 1108ADC21A264C7D00CC4127 /* mediumkick.wav */; };
		1108ADF91A264C7D00CC4127 /* mediumpunch.wav in Resources */ = {isa = PBXBuildFile; fileRef = 1108ADC31A264C7D00CC4127 /* mediumpunch.wav */; };
		1108ADFA1A264C7D00CC4127 /* meleeflash.wav in Resources */ = {isa = PBXBuildFile; fileRef = 1108ADC41A264C7D00CC4127 /* meleeflash.wav */; };
		1108ADFB1A264C7D00CC4127 /* meleehit1.wav in Resources */ = {isa = PBXBuildFile; fileRef = 1108ADC51A264C7D00CC4127 /* meleehit1.wav */; };
		1108ADFC1A264C7D00CC4127 /* meleehit2.wav in Resources */ = {isa = PBXBuildFile; fileRef = 1108ADC61A264C7D00CC4127 /* meleehit2.wav */; };
		1108ADFD1A264C7D00CC4127 /* meleemiss1.wav in Resources */ = {isa = PBXBuildFile; fileRef = 1108ADC71A264C7D00CC4127 /* meleemiss1.wav */; };
		1108ADFE1A264C7D00CC4127 /* meleemiss2.wav in Resources */ = {isa = PBXBuildFile; fileRef = 1108ADC81A264C7D00CC4127 /* meleemiss2.wav */; };
		1108ADFF1A264C7D00CC4127 /* meleemiss3.wav in Resources */ = {isa = PBXBuildFile; fileRef = 1108ADC91A264C7D00CC4127 /* meleemiss3.wav */; };
		1108AE001A264C7D00CC4127 /* meleestruggletie.wav in Resources */ = {isa = PBXBuildFile; fileRef = 1108ADCA1A264C7D00CC4127 /* meleestruggletie.wav */; };
		1108AE011A264C7D00CC4127 /* prepunch1.wav in Resources */ = {isa = PBXBuildFile; fileRef = 1108ADCB1A264C7D00CC4127 /* prepunch1.wav */; };
		1108AE021A264C7D00CC4127 /* presword1.wav in Resources */ = {isa = PBXBuildFile; fileRef = 1108ADCC1A264C7D00CC4127 /* presword1.wav */; };
		1108AE031A264C7D00CC4127 /* punch.wav in Resources */ = {isa = PBXBuildFile; fileRef = 1108ADCD1A264C7D00CC4127 /* punch.wav */; };
		1108AE041A264C7D00CC4127 /* rapid punch.wav in Resources */ = {isa = PBXBuildFile; fileRef = 1108ADCE1A264C7D00CC4127 /* rapid punch.wav */; };
		1108AE051A264C7D00CC4127 /* strongkick.wav in Resources */ = {isa = PBXBuildFile; fileRef = 1108ADCF1A264C7D00CC4127 /* strongkick.wav */; };
		1108AE061A264C7D00CC4127 /* strongpunch.wav in Resources */ = {isa = PBXBuildFile; fileRef = 1108ADD01A264C7D00CC4127 /* strongpunch.wav */; };
		1108AE071A264C7D00CC4127 /* supermove.wav in Resources */ = {isa = PBXBuildFile; fileRef = 1108ADD11A264C7D00CC4127 /* supermove.wav */; };
		1108AE081A264C7D00CC4127 /* swoop.wav in Resources */ = {isa = PBXBuildFile; fileRef = 1108ADD21A264C7D00CC4127 /* swoop.wav */; };
		1108AE091A264C7D00CC4127 /* swoophit.wav in Resources */ = {isa = PBXBuildFile; fileRef = 1108ADD31A264C7D00CC4127 /* swoophit.wav */; };
		1108AE0A1A264C7D00CC4127 /* sword-slash.wav in Resources */ = {isa = PBXBuildFile; fileRef = 1108ADD41A264C7D00CC4127 /* sword-slash.wav */; };
		1108AE0B1A264C7D00CC4127 /* swordhit.wav in Resources */ = {isa = PBXBuildFile; fileRef = 1108ADD51A264C7D00CC4127 /* swordhit.wav */; };
		1108AE0C1A264C7D00CC4127 /* swordkill.wav in Resources */ = {isa = PBXBuildFile; fileRef = 1108ADD61A264C7D00CC4127 /* swordkill.wav */; };
		1108AE0D1A264C7D00CC4127 /* teleport.wav in Resources */ = {isa = PBXBuildFile; fileRef = 1108ADD71A264C7D00CC4127 /* teleport.wav */; };
		1108AE0E1A264C7D00CC4127 /* teleport00.wav in Resources */ = {isa = PBXBuildFile; fileRef = 1108ADD81A264C7D00CC4127 /* teleport00.wav */; };
		1108AE101A264D4C00CC4127 /* buu_dub.mp3 in Resources */ = {isa = PBXBuildFile; fileRef = 1108AE0F1A264D4C00CC4127 /* buu_dub.mp3 */; };
		1108AE121A264DC100CC4127 /* Perfect_Cell_Dubstep.mp3 in Resources */ = {isa = PBXBuildFile; fileRef = 1108AE111A264DC100CC4127 /* Perfect_Cell_Dubstep.mp3 */; };
		2C94F0561A2C321900D943B7 /* minions.atlas in Resources */ = {isa = PBXBuildFile; fileRef = 2C94F0551A2C321900D943B7 /* minions.atlas */; };
		2C94F0581A2C356100D943B7 /* minion2.atlas in Resources */ = {isa = PBXBuildFile; fileRef = 2C94F0571A2C356100D943B7 /* minion2.atlas */; };
		2CF2CA341A2C12AF0068B186 /* Minion2.m in Sources */ = {isa = PBXBuildFile; fileRef = 2CF2CA331A2C12AF0068B186 /* Minion2.m */; };
		C905E89C1A2BE78C00B0D8AA /* menu_button.png in Resources */ = {isa = PBXBuildFile; fileRef = C905E89B1A2BE78C00B0D8AA /* menu_button.png */; };
		C90F045619F8A51C00DF49CA /* main.m in Sources */ = {isa = PBXBuildFile; fileRef = C90F045519F8A51C00DF49CA /* main.m */; };
		C90F045919F8A51C00DF49CA /* AppDelegate.m in Sources */ = {isa = PBXBuildFile; fileRef = C90F045819F8A51C00DF49CA /* AppDelegate.m */; };
		C90F046119F8A51C00DF49CA /* GameViewController.m in Sources */ = {isa = PBXBuildFile; fileRef = C90F046019F8A51C00DF49CA /* GameViewController.m */; };
		C90F046419F8A51C00DF49CA /* Main.storyboard in Resources */ = {isa = PBXBuildFile; fileRef = C90F046219F8A51C00DF49CA /* Main.storyboard */; };
		C90F046619F8A51C00DF49CA /* Images.xcassets in Resources */ = {isa = PBXBuildFile; fileRef = C90F046519F8A51C00DF49CA /* Images.xcassets */; };
		C90F046919F8A51C00DF49CA /* LaunchScreen.xib in Resources */ = {isa = PBXBuildFile; fileRef = C90F046719F8A51C00DF49CA /* LaunchScreen.xib */; };
		C90F047519F8A51C00DF49CA /* TrialsOfGokuTests.m in Sources */ = {isa = PBXBuildFile; fileRef = C90F047419F8A51C00DF49CA /* TrialsOfGokuTests.m */; };
		C90F048C19F8A53700DF49CA /* misc.atlas in Resources */ = {isa = PBXBuildFile; fileRef = C90F048519F8A53700DF49CA /* misc.atlas */; };
		C90F049219F8A56200DF49CA /* GameScene.m in Sources */ = {isa = PBXBuildFile; fileRef = C90F048F19F8A56200DF49CA /* GameScene.m */; };
		C90F049319F8A56200DF49CA /* Goku.m in Sources */ = {isa = PBXBuildFile; fileRef = C90F049119F8A56200DF49CA /* Goku.m */; };
		C93F59611A17EC7A00C06817 /* buu.atlas in Resources */ = {isa = PBXBuildFile; fileRef = C93F59591A17EC7A00C06817 /* buu.atlas */; };
		C93F59621A17EC7A00C06817 /* cell.atlas in Resources */ = {isa = PBXBuildFile; fileRef = C93F595A1A17EC7A00C06817 /* cell.atlas */; };
		C93F59641A17EC7A00C06817 /* goku_norm.atlas in Resources */ = {isa = PBXBuildFile; fileRef = C93F595D1A17EC7A00C06817 /* goku_norm.atlas */; };
		C93F59651A17EC7A00C06817 /* goku_ss1.atlas in Resources */ = {isa = PBXBuildFile; fileRef = C93F595E1A17EC7A00C06817 /* goku_ss1.atlas */; };
		C93F59661A17EC7A00C06817 /* goku_ss3.atlas in Resources */ = {isa = PBXBuildFile; fileRef = C93F595F1A17EC7A00C06817 /* goku_ss3.atlas */; };
		C93F59671A17EC7A00C06817 /* goku_ss4.atlas in Resources */ = {isa = PBXBuildFile; fileRef = C93F59601A17EC7A00C06817 /* goku_ss4.atlas */; };
		C942095B1A16AA0D00D0979F /* SafeObstacle.m in Sources */ = {isa = PBXBuildFile; fileRef = C942095A1A16AA0D00D0979F /* SafeObstacle.m */; };
		C942095E1A16AA3300D0979F /* EnemyBlast.m in Sources */ = {isa = PBXBuildFile; fileRef = C942095D1A16AA3300D0979F /* EnemyBlast.m */; };
		C94A091F1A15B94000720E8C /* Buu.m in Sources */ = {isa = PBXBuildFile; fileRef = C94A091E1A15B94000720E8C /* Buu.m */; };
		C976EC921A321C3400AA06F9 /* you_win.png in Resources */ = {isa = PBXBuildFile; fileRef = C976EC911A321C3400AA06F9 /* you_win.png */; };
		C9A6CCDC1A21A11700764048 /* Button.png in Resources */ = {isa = PBXBuildFile; fileRef = C9A6CCD81A21A11700764048 /* Button.png */; };
		C9A6CCDE1A21A11700764048 /* Goku_splash_sketch_phone.png in Resources */ = {isa = PBXBuildFile; fileRef = C9A6CCDA1A21A11700764048 /* Goku_splash_sketch_phone.png */; };
		C9A6CCDF1A21A11700764048 /* Goku_splash_sketch.png in Resources */ = {isa = PBXBuildFile; fileRef = C9A6CCDB1A21A11700764048 /* Goku_splash_sketch.png */; };
		C9A838261A183F5200EF5EE5 /* Minion.m in Sources */ = {isa = PBXBuildFile; fileRef = C9A838251A183F5200EF5EE5 /* Minion.m */; };
		C9A8382B1A185FD500EF5EE5 /* BaseObject.m in Sources */ = {isa = PBXBuildFile; fileRef = C9A8382A1A185FD500EF5EE5 /* BaseObject.m */; };
		C9A838311A1862A500EF5EE5 /* Cell.m in Sources */ = {isa = PBXBuildFile; fileRef = C9A838301A1862A500EF5EE5 /* Cell.m */; };
		C9A838351A186D2100EF5EE5 /* FirstLevel.m in Sources */ = {isa = PBXBuildFile; fileRef = C9A838341A186D2100EF5EE5 /* FirstLevel.m */; };
		C9ADA3201A2788560034A4DF /* obstacles.atlas in Resources */ = {isa = PBXBuildFile; fileRef = C9ADA31F1A2788560034A4DF /* obstacles.atlas */; };
		C9C12A491A12648D00629E0C /* PowerBall.m in Sources */ = {isa = PBXBuildFile; fileRef = C9C12A481A12648D00629E0C /* PowerBall.m */; };
		C9DB4B471A192D4100EDB976 /* SecondLevel.m in Sources */ = {isa = PBXBuildFile; fileRef = C9DB4B461A192D4100EDB976 /* SecondLevel.m */; };
		C9DDA5851A2105420039769D /* BaseLevel.m in Sources */ = {isa = PBXBuildFile; fileRef = C9DDA5841A2105420039769D /* BaseLevel.m */; };
/* End PBXBuildFile section */

/* Begin PBXContainerItemProxy section */
		C90F046F19F8A51C00DF49CA /* PBXContainerItemProxy */ = {
			isa = PBXContainerItemProxy;
			containerPortal = C90F044819F8A51C00DF49CA /* Project object */;
			proxyType = 1;
			remoteGlobalIDString = C90F044F19F8A51C00DF49CA;
			remoteInfo = TrialsOfGoku;
		};
/* End PBXContainerItemProxy section */

/* Begin PBXFileReference section */
		1108ADA21A264C7D00CC4127 /* cell.mp3 */ = {isa = PBXFileReference; lastKnownFileType = audio.mp3; path = cell.mp3; sourceTree = "<group>"; };
		1108ADA31A264C7D00CC4127 /* Dragon Ball Z Dubstep BY DJ L copy.mp3 */ = {isa = PBXFileReference; lastKnownFileType = audio.mp3; path = "Dragon Ball Z Dubstep BY DJ L copy.mp3"; sourceTree = "<group>"; };
		1108ADA41A264C7D00CC4127 /* Dragon_Ball_Dub_Step.mp3 */ = {isa = PBXFileReference; lastKnownFileType = audio.mp3; path = Dragon_Ball_Dub_Step.mp3; sourceTree = "<group>"; };
		1108ADA51A264C7D00CC4127 /* dragon_ball_gt.mp3 */ = {isa = PBXFileReference; lastKnownFileType = audio.mp3; path = dragon_ball_gt.mp3; sourceTree = "<group>"; };
		1108ADA61A264C7D00CC4127 /* dragon_ball_opening.mp3 */ = {isa = PBXFileReference; lastKnownFileType = audio.mp3; path = dragon_ball_opening.mp3; sourceTree = "<group>"; };
		1108ADA71A264C7D00CC4127 /* dragon_ball_z.mp3 */ = {isa = PBXFileReference; lastKnownFileType = audio.mp3; path = dragon_ball_z.mp3; sourceTree = "<group>"; };
		1108ADA81A264C7D00CC4127 /* dragon_ball_z_theme.mp3 */ = {isa = PBXFileReference; lastKnownFileType = audio.mp3; path = dragon_ball_z_theme.mp3; sourceTree = "<group>"; };
		1108ADA91A264C7D00CC4127 /* dragon_ball_z_theme2.mp3 */ = {isa = PBXFileReference; lastKnownFileType = audio.mp3; path = dragon_ball_z_theme2.mp3; sourceTree = "<group>"; };
		1108ADAA1A264C7D00CC4127 /* perfect_cell.mp3 */ = {isa = PBXFileReference; lastKnownFileType = audio.mp3; path = perfect_cell.mp3; sourceTree = "<group>"; };
		1108ADAB1A264C7D00CC4127 /* perfect_cell_theme.mp3 */ = {isa = PBXFileReference; lastKnownFileType = audio.mp3; path = perfect_cell_theme.mp3; sourceTree = "<group>"; };
		1108ADAC1A264C7D00CC4127 /* RockTheDragon.mp3 */ = {isa = PBXFileReference; lastKnownFileType = audio.mp3; path = RockTheDragon.mp3; sourceTree = "<group>"; };
		1108ADAD1A264C7D00CC4127 /* vegeta_attack_theme.mp3 */ = {isa = PBXFileReference; lastKnownFileType = audio.mp3; path = vegeta_attack_theme.mp3; sourceTree = "<group>"; };
		1108ADAE1A264C7D00CC4127 /* ZMiX_-_Dragon_Ball_Z_Rock_The_Dragon_(Dubs copy.mp3 */ = {isa = PBXFileReference; lastKnownFileType = audio.mp3; path = "ZMiX_-_Dragon_Ball_Z_Rock_The_Dragon_(Dubs copy.mp3"; sourceTree = "<group>"; };
		1108ADB01A264C7D00CC4127 /* aura-big.wav */ = {isa = PBXFileReference; lastKnownFileType = audio.wav; path = "aura-big.wav"; sourceTree = "<group>"; };
		1108ADB11A264C7D00CC4127 /* aura.wav */ = {isa = PBXFileReference; lastKnownFileType = audio.wav; path = aura.wav; sourceTree = "<group>"; };
		1108ADB21A264C7D00CC4127 /* basicbeam_charge.wav */ = {isa = PBXFileReference; lastKnownFileType = audio.wav; path = basicbeam_charge.wav; sourceTree = "<group>"; };
		1108ADB31A264C7D00CC4127 /* basicbeam_fire.wav */ = {isa = PBXFileReference; lastKnownFileType = audio.wav; path = basicbeam_fire.wav; sourceTree = "<group>"; };
		1108ADB41A264C7D00CC4127 /* boom.wav */ = {isa = PBXFileReference; lastKnownFileType = audio.wav; path = boom.wav; sourceTree = "<group>"; };
		1108ADB51A264C7D00CC4127 /* chainswoop.wav */ = {isa = PBXFileReference; lastKnownFileType = audio.wav; path = chainswoop.wav; sourceTree = "<group>"; };
		1108ADB61A264C7D00CC4127 /* descend.wav */ = {isa = PBXFileReference; lastKnownFileType = audio.wav; path = descend.wav; sourceTree = "<group>"; };
		1108ADB71A264C7D00CC4127 /* explosion.wav */ = {isa = PBXFileReference; lastKnownFileType = audio.wav; path = explosion.wav; sourceTree = "<group>"; };
		1108ADB81A264C7D00CC4127 /* explosion1.wav */ = {isa = PBXFileReference; lastKnownFileType = audio.wav; path = explosion1.wav; sourceTree = "<group>"; };
		1108ADB91A264C7D00CC4127 /* Explosion2.wav */ = {isa = PBXFileReference; lastKnownFileType = audio.wav; path = Explosion2.wav; sourceTree = "<group>"; };
		1108ADBA1A264C7D00CC4127 /* finalflash.wav */ = {isa = PBXFileReference; lastKnownFileType = audio.wav; path = finalflash.wav; sourceTree = "<group>"; };
		1108ADBB1A264C7D00CC4127 /* groundhit2.wav */ = {isa = PBXFileReference; lastKnownFileType = audio.wav; path = groundhit2.wav; sourceTree = "<group>"; };
		1108ADBC1A264C7D00CC4127 /* groundrecover.wav */ = {isa = PBXFileReference; lastKnownFileType = audio.wav; path = groundrecover.wav; sourceTree = "<group>"; };
		1108ADBD1A264C7D00CC4127 /* jump.wav */ = {isa = PBXFileReference; lastKnownFileType = audio.wav; path = jump.wav; sourceTree = "<group>"; };
		1108ADBE1A264C7D00CC4127 /* kame_charge.wav */ = {isa = PBXFileReference; lastKnownFileType = audio.wav; path = kame_charge.wav; sourceTree = "<group>"; };
		1108ADBF1A264C7D00CC4127 /* kamehameha_fire.wav */ = {isa = PBXFileReference; lastKnownFileType = audio.wav; path = kamehameha_fire.wav; sourceTree = "<group>"; };
		1108ADC01A264C7D00CC4127 /* kiplosion.wav */ = {isa = PBXFileReference; lastKnownFileType = audio.wav; path = kiplosion.wav; sourceTree = "<group>"; };
		1108ADC11A264C7D00CC4127 /* mase_charge.wav */ = {isa = PBXFileReference; lastKnownFileType = audio.wav; path = mase_charge.wav; sourceTree = "<group>"; };
		1108ADC21A264C7D00CC4127 /* mediumkick.wav */ = {isa = PBXFileReference; lastKnownFileType = audio.wav; path = mediumkick.wav; sourceTree = "<group>"; };
		1108ADC31A264C7D00CC4127 /* mediumpunch.wav */ = {isa = PBXFileReference; lastKnownFileType = audio.wav; path = mediumpunch.wav; sourceTree = "<group>"; };
		1108ADC41A264C7D00CC4127 /* meleeflash.wav */ = {isa = PBXFileReference; lastKnownFileType = audio.wav; path = meleeflash.wav; sourceTree = "<group>"; };
		1108ADC51A264C7D00CC4127 /* meleehit1.wav */ = {isa = PBXFileReference; lastKnownFileType = audio.wav; path = meleehit1.wav; sourceTree = "<group>"; };
		1108ADC61A264C7D00CC4127 /* meleehit2.wav */ = {isa = PBXFileReference; lastKnownFileType = audio.wav; path = meleehit2.wav; sourceTree = "<group>"; };
		1108ADC71A264C7D00CC4127 /* meleemiss1.wav */ = {isa = PBXFileReference; lastKnownFileType = audio.wav; path = meleemiss1.wav; sourceTree = "<group>"; };
		1108ADC81A264C7D00CC4127 /* meleemiss2.wav */ = {isa = PBXFileReference; lastKnownFileType = audio.wav; path = meleemiss2.wav; sourceTree = "<group>"; };
		1108ADC91A264C7D00CC4127 /* meleemiss3.wav */ = {isa = PBXFileReference; lastKnownFileType = audio.wav; path = meleemiss3.wav; sourceTree = "<group>"; };
		1108ADCA1A264C7D00CC4127 /* meleestruggletie.wav */ = {isa = PBXFileReference; lastKnownFileType = audio.wav; path = meleestruggletie.wav; sourceTree = "<group>"; };
		1108ADCB1A264C7D00CC4127 /* prepunch1.wav */ = {isa = PBXFileReference; lastKnownFileType = audio.wav; path = prepunch1.wav; sourceTree = "<group>"; };
		1108ADCC1A264C7D00CC4127 /* presword1.wav */ = {isa = PBXFileReference; lastKnownFileType = audio.wav; path = presword1.wav; sourceTree = "<group>"; };
		1108ADCD1A264C7D00CC4127 /* punch.wav */ = {isa = PBXFileReference; lastKnownFileType = audio.wav; path = punch.wav; sourceTree = "<group>"; };
		1108ADCE1A264C7D00CC4127 /* rapid punch.wav */ = {isa = PBXFileReference; lastKnownFileType = audio.wav; path = "rapid punch.wav"; sourceTree = "<group>"; };
		1108ADCF1A264C7D00CC4127 /* strongkick.wav */ = {isa = PBXFileReference; lastKnownFileType = audio.wav; path = strongkick.wav; sourceTree = "<group>"; };
		1108ADD01A264C7D00CC4127 /* strongpunch.wav */ = {isa = PBXFileReference; lastKnownFileType = audio.wav; path = strongpunch.wav; sourceTree = "<group>"; };
		1108ADD11A264C7D00CC4127 /* supermove.wav */ = {isa = PBXFileReference; lastKnownFileType = audio.wav; path = supermove.wav; sourceTree = "<group>"; };
		1108ADD21A264C7D00CC4127 /* swoop.wav */ = {isa = PBXFileReference; lastKnownFileType = audio.wav; path = swoop.wav; sourceTree = "<group>"; };
		1108ADD31A264C7D00CC4127 /* swoophit.wav */ = {isa = PBXFileReference; lastKnownFileType = audio.wav; path = swoophit.wav; sourceTree = "<group>"; };
		1108ADD41A264C7D00CC4127 /* sword-slash.wav */ = {isa = PBXFileReference; lastKnownFileType = audio.wav; path = "sword-slash.wav"; sourceTree = "<group>"; };
		1108ADD51A264C7D00CC4127 /* swordhit.wav */ = {isa = PBXFileReference; lastKnownFileType = audio.wav; path = swordhit.wav; sourceTree = "<group>"; };
		1108ADD61A264C7D00CC4127 /* swordkill.wav */ = {isa = PBXFileReference; lastKnownFileType = audio.wav; path = swordkill.wav; sourceTree = "<group>"; };
		1108ADD71A264C7D00CC4127 /* teleport.wav */ = {isa = PBXFileReference; lastKnownFileType = audio.wav; path = teleport.wav; sourceTree = "<group>"; };
		1108ADD81A264C7D00CC4127 /* teleport00.wav */ = {isa = PBXFileReference; lastKnownFileType = audio.wav; path = teleport00.wav; sourceTree = "<group>"; };
		1108AE0F1A264D4C00CC4127 /* buu_dub.mp3 */ = {isa = PBXFileReference; lastKnownFileType = audio.mp3; path = buu_dub.mp3; sourceTree = "<group>"; };
		1108AE111A264DC100CC4127 /* Perfect_Cell_Dubstep.mp3 */ = {isa = PBXFileReference; lastKnownFileType = audio.mp3; path = Perfect_Cell_Dubstep.mp3; sourceTree = "<group>"; };
		2C94F0551A2C321900D943B7 /* minions.atlas */ = {isa = PBXFileReference; lastKnownFileType = folder.skatlas; path = minions.atlas; sourceTree = "<group>"; };
		2C94F0571A2C356100D943B7 /* minion2.atlas */ = {isa = PBXFileReference; lastKnownFileType = folder.skatlas; path = minion2.atlas; sourceTree = "<group>"; };
		2CF2CA321A2C12AF0068B186 /* Minion2.h */ = {isa = PBXFileReference; fileEncoding = 4; lastKnownFileType = sourcecode.c.h; path = Minion2.h; sourceTree = "<group>"; };
		2CF2CA331A2C12AF0068B186 /* Minion2.m */ = {isa = PBXFileReference; fileEncoding = 4; lastKnownFileType = sourcecode.c.objc; path = Minion2.m; sourceTree = "<group>"; };
		C905E89B1A2BE78C00B0D8AA /* menu_button.png */ = {isa = PBXFileReference; lastKnownFileType = image.png; path = menu_button.png; sourceTree = "<group>"; };
		C90F045019F8A51C00DF49CA /* TrialsOfGoku.app */ = {isa = PBXFileReference; explicitFileType = wrapper.application; includeInIndex = 0; path = TrialsOfGoku.app; sourceTree = BUILT_PRODUCTS_DIR; };
		C90F045419F8A51C00DF49CA /* Info.plist */ = {isa = PBXFileReference; lastKnownFileType = text.plist.xml; path = Info.plist; sourceTree = "<group>"; };
		C90F045519F8A51C00DF49CA /* main.m */ = {isa = PBXFileReference; lastKnownFileType = sourcecode.c.objc; path = main.m; sourceTree = "<group>"; };
		C90F045719F8A51C00DF49CA /* AppDelegate.h */ = {isa = PBXFileReference; lastKnownFileType = sourcecode.c.h; path = AppDelegate.h; sourceTree = "<group>"; };
		C90F045819F8A51C00DF49CA /* AppDelegate.m */ = {isa = PBXFileReference; lastKnownFileType = sourcecode.c.objc; path = AppDelegate.m; sourceTree = "<group>"; };
		C90F045F19F8A51C00DF49CA /* GameViewController.h */ = {isa = PBXFileReference; lastKnownFileType = sourcecode.c.h; path = GameViewController.h; sourceTree = "<group>"; };
		C90F046019F8A51C00DF49CA /* GameViewController.m */ = {isa = PBXFileReference; lastKnownFileType = sourcecode.c.objc; path = GameViewController.m; sourceTree = "<group>"; };
		C90F046319F8A51C00DF49CA /* Base */ = {isa = PBXFileReference; lastKnownFileType = file.storyboard; name = Base; path = Base.lproj/Main.storyboard; sourceTree = "<group>"; };
		C90F046519F8A51C00DF49CA /* Images.xcassets */ = {isa = PBXFileReference; lastKnownFileType = folder.assetcatalog; path = Images.xcassets; sourceTree = "<group>"; };
		C90F046819F8A51C00DF49CA /* Base */ = {isa = PBXFileReference; lastKnownFileType = file.xib; name = Base; path = Base.lproj/LaunchScreen.xib; sourceTree = "<group>"; };
		C90F046E19F8A51C00DF49CA /* TrialsOfGokuTests.xctest */ = {isa = PBXFileReference; explicitFileType = wrapper.cfbundle; includeInIndex = 0; path = TrialsOfGokuTests.xctest; sourceTree = BUILT_PRODUCTS_DIR; };
		C90F047319F8A51C00DF49CA /* Info.plist */ = {isa = PBXFileReference; lastKnownFileType = text.plist.xml; path = Info.plist; sourceTree = "<group>"; };
		C90F047419F8A51C00DF49CA /* TrialsOfGokuTests.m */ = {isa = PBXFileReference; lastKnownFileType = sourcecode.c.objc; path = TrialsOfGokuTests.m; sourceTree = "<group>"; };
		C90F048519F8A53700DF49CA /* misc.atlas */ = {isa = PBXFileReference; lastKnownFileType = folder.skatlas; path = misc.atlas; sourceTree = "<group>"; };
		C90F048E19F8A56200DF49CA /* GameScene.h */ = {isa = PBXFileReference; fileEncoding = 4; lastKnownFileType = sourcecode.c.h; path = GameScene.h; sourceTree = "<group>"; };
		C90F048F19F8A56200DF49CA /* GameScene.m */ = {isa = PBXFileReference; fileEncoding = 4; lastKnownFileType = sourcecode.c.objc; path = GameScene.m; sourceTree = "<group>"; };
		C90F049019F8A56200DF49CA /* Goku.h */ = {isa = PBXFileReference; fileEncoding = 4; lastKnownFileType = sourcecode.c.h; name = Goku.h; path = objs/Goku.h; sourceTree = "<group>"; };
		C90F049119F8A56200DF49CA /* Goku.m */ = {isa = PBXFileReference; fileEncoding = 4; lastKnownFileType = sourcecode.c.objc; name = Goku.m; path = objs/Goku.m; sourceTree = "<group>"; };
		C93F59591A17EC7A00C06817 /* buu.atlas */ = {isa = PBXFileReference; lastKnownFileType = folder.skatlas; path = buu.atlas; sourceTree = "<group>"; };
		C93F595A1A17EC7A00C06817 /* cell.atlas */ = {isa = PBXFileReference; lastKnownFileType = folder.skatlas; path = cell.atlas; sourceTree = "<group>"; };
		C93F595D1A17EC7A00C06817 /* goku_norm.atlas */ = {isa = PBXFileReference; lastKnownFileType = folder.skatlas; path = goku_norm.atlas; sourceTree = "<group>"; };
		C93F595E1A17EC7A00C06817 /* goku_ss1.atlas */ = {isa = PBXFileReference; lastKnownFileType = folder.skatlas; path = goku_ss1.atlas; sourceTree = "<group>"; };
		C93F595F1A17EC7A00C06817 /* goku_ss3.atlas */ = {isa = PBXFileReference; lastKnownFileType = folder.skatlas; path = goku_ss3.atlas; sourceTree = "<group>"; };
		C93F59601A17EC7A00C06817 /* goku_ss4.atlas */ = {isa = PBXFileReference; lastKnownFileType = folder.skatlas; path = goku_ss4.atlas; sourceTree = "<group>"; };
		C94209591A16AA0D00D0979F /* SafeObstacle.h */ = {isa = PBXFileReference; fileEncoding = 4; lastKnownFileType = sourcecode.c.h; name = SafeObstacle.h; path = objs/SafeObstacle.h; sourceTree = "<group>"; };
		C942095A1A16AA0D00D0979F /* SafeObstacle.m */ = {isa = PBXFileReference; fileEncoding = 4; lastKnownFileType = sourcecode.c.objc; name = SafeObstacle.m; path = objs/SafeObstacle.m; sourceTree = "<group>"; };
		C942095C1A16AA3300D0979F /* EnemyBlast.h */ = {isa = PBXFileReference; fileEncoding = 4; lastKnownFileType = sourcecode.c.h; name = EnemyBlast.h; path = objs/EnemyBlast.h; sourceTree = "<group>"; };
		C942095D1A16AA3300D0979F /* EnemyBlast.m */ = {isa = PBXFileReference; fileEncoding = 4; lastKnownFileType = sourcecode.c.objc; name = EnemyBlast.m; path = objs/EnemyBlast.m; sourceTree = "<group>"; };
		C94A091D1A15B94000720E8C /* Buu.h */ = {isa = PBXFileReference; fileEncoding = 4; lastKnownFileType = sourcecode.c.h; name = Buu.h; path = objs/Buu.h; sourceTree = "<group>"; };
		C94A091E1A15B94000720E8C /* Buu.m */ = {isa = PBXFileReference; fileEncoding = 4; lastKnownFileType = sourcecode.c.objc; name = Buu.m; path = objs/Buu.m; sourceTree = "<group>"; };
		C976EC911A321C3400AA06F9 /* you_win.png */ = {isa = PBXFileReference; lastKnownFileType = image.png; path = you_win.png; sourceTree = "<group>"; };
		C9A6CCD81A21A11700764048 /* Button.png */ = {isa = PBXFileReference; lastKnownFileType = image.png; path = Button.png; sourceTree = "<group>"; };
		C9A6CCDA1A21A11700764048 /* Goku_splash_sketch_phone.png */ = {isa = PBXFileReference; lastKnownFileType = image.png; path = Goku_splash_sketch_phone.png; sourceTree = "<group>"; };
		C9A6CCDB1A21A11700764048 /* Goku_splash_sketch.png */ = {isa = PBXFileReference; lastKnownFileType = image.png; path = Goku_splash_sketch.png; sourceTree = "<group>"; };
		C9A838231A1823E200EF5EE5 /* Globals.h */ = {isa = PBXFileReference; lastKnownFileType = sourcecode.c.h; path = Globals.h; sourceTree = "<group>"; };
		C9A838241A183F5200EF5EE5 /* Minion.h */ = {isa = PBXFileReference; fileEncoding = 4; lastKnownFileType = sourcecode.c.h; name = Minion.h; path = objs/Minion.h; sourceTree = "<group>"; };
		C9A838251A183F5200EF5EE5 /* Minion.m */ = {isa = PBXFileReference; fileEncoding = 4; lastKnownFileType = sourcecode.c.objc; name = Minion.m; path = objs/Minion.m; sourceTree = "<group>"; };
		C9A838291A185FD500EF5EE5 /* BaseObject.h */ = {isa = PBXFileReference; fileEncoding = 4; lastKnownFileType = sourcecode.c.h; name = BaseObject.h; path = objs/BaseObject.h; sourceTree = "<group>"; };
		C9A8382A1A185FD500EF5EE5 /* BaseObject.m */ = {isa = PBXFileReference; fileEncoding = 4; lastKnownFileType = sourcecode.c.objc; name = BaseObject.m; path = objs/BaseObject.m; sourceTree = "<group>"; };
		C9A8382F1A1862A500EF5EE5 /* Cell.h */ = {isa = PBXFileReference; fileEncoding = 4; lastKnownFileType = sourcecode.c.h; name = Cell.h; path = objs/Cell.h; sourceTree = "<group>"; };
		C9A838301A1862A500EF5EE5 /* Cell.m */ = {isa = PBXFileReference; fileEncoding = 4; lastKnownFileType = sourcecode.c.objc; name = Cell.m; path = objs/Cell.m; sourceTree = "<group>"; };
		C9A838331A186D2100EF5EE5 /* FirstLevel.h */ = {isa = PBXFileReference; fileEncoding = 4; lastKnownFileType = sourcecode.c.h; name = FirstLevel.h; path = lvls/FirstLevel.h; sourceTree = "<group>"; };
		C9A838341A186D2100EF5EE5 /* FirstLevel.m */ = {isa = PBXFileReference; fileEncoding = 4; lastKnownFileType = sourcecode.c.objc; name = FirstLevel.m; path = lvls/FirstLevel.m; sourceTree = "<group>"; };
		C9ADA31F1A2788560034A4DF /* obstacles.atlas */ = {isa = PBXFileReference; lastKnownFileType = folder.skatlas; path = obstacles.atlas; sourceTree = "<group>"; };
		C9C12A471A12648D00629E0C /* PowerBall.h */ = {isa = PBXFileReference; fileEncoding = 4; lastKnownFileType = sourcecode.c.h; name = PowerBall.h; path = objs/PowerBall.h; sourceTree = "<group>"; };
		C9C12A481A12648D00629E0C /* PowerBall.m */ = {isa = PBXFileReference; fileEncoding = 4; lastKnownFileType = sourcecode.c.objc; name = PowerBall.m; path = objs/PowerBall.m; sourceTree = "<group>"; };
		C9DB4B451A192D4100EDB976 /* SecondLevel.h */ = {isa = PBXFileReference; fileEncoding = 4; lastKnownFileType = sourcecode.c.h; name = SecondLevel.h; path = lvls/SecondLevel.h; sourceTree = "<group>"; };
		C9DB4B461A192D4100EDB976 /* SecondLevel.m */ = {isa = PBXFileReference; fileEncoding = 4; lastKnownFileType = sourcecode.c.objc; name = SecondLevel.m; path = lvls/SecondLevel.m; sourceTree = "<group>"; };
		C9DDA5831A2105420039769D /* BaseLevel.h */ = {isa = PBXFileReference; fileEncoding = 4; lastKnownFileType = sourcecode.c.h; name = BaseLevel.h; path = lvls/BaseLevel.h; sourceTree = "<group>"; };
		C9DDA5841A2105420039769D /* BaseLevel.m */ = {isa = PBXFileReference; fileEncoding = 4; lastKnownFileType = sourcecode.c.objc; name = BaseLevel.m; path = lvls/BaseLevel.m; sourceTree = "<group>"; };
/* End PBXFileReference section */

/* Begin PBXFrameworksBuildPhase section */
		C90F044D19F8A51C00DF49CA /* Frameworks */ = {
			isa = PBXFrameworksBuildPhase;
			buildActionMask = 2147483647;
			files = (
			);
			runOnlyForDeploymentPostprocessing = 0;
		};
		C90F046B19F8A51C00DF49CA /* Frameworks */ = {
			isa = PBXFrameworksBuildPhase;
			buildActionMask = 2147483647;
			files = (
			);
			runOnlyForDeploymentPostprocessing = 0;
		};
/* End PBXFrameworksBuildPhase section */

/* Begin PBXGroup section */
		1108ADA01A264C7D00CC4127 /* Audio */ = {
			isa = PBXGroup;
			children = (
				1108ADA11A264C7D00CC4127 /* background music */,
				1108ADAF1A264C7D00CC4127 /* DBZ sound effects! */,
			);
			path = Audio;
			sourceTree = "<group>";
		};
		1108ADA11A264C7D00CC4127 /* background music */ = {
			isa = PBXGroup;
			children = (
				1108AE111A264DC100CC4127 /* Perfect_Cell_Dubstep.mp3 */,
				1108AE0F1A264D4C00CC4127 /* buu_dub.mp3 */,
				1108ADA21A264C7D00CC4127 /* cell.mp3 */,
				1108ADA31A264C7D00CC4127 /* Dragon Ball Z Dubstep BY DJ L copy.mp3 */,
				1108ADA41A264C7D00CC4127 /* Dragon_Ball_Dub_Step.mp3 */,
				1108ADA51A264C7D00CC4127 /* dragon_ball_gt.mp3 */,
				1108ADA61A264C7D00CC4127 /* dragon_ball_opening.mp3 */,
				1108ADA71A264C7D00CC4127 /* dragon_ball_z.mp3 */,
				1108ADA81A264C7D00CC4127 /* dragon_ball_z_theme.mp3 */,
				1108ADA91A264C7D00CC4127 /* dragon_ball_z_theme2.mp3 */,
				1108ADAA1A264C7D00CC4127 /* perfect_cell.mp3 */,
				1108ADAB1A264C7D00CC4127 /* perfect_cell_theme.mp3 */,
				1108ADAC1A264C7D00CC4127 /* RockTheDragon.mp3 */,
				1108ADAD1A264C7D00CC4127 /* vegeta_attack_theme.mp3 */,
				1108ADAE1A264C7D00CC4127 /* ZMiX_-_Dragon_Ball_Z_Rock_The_Dragon_(Dubs copy.mp3 */,
			);
			path = "background music";
			sourceTree = "<group>";
		};
		1108ADAF1A264C7D00CC4127 /* DBZ sound effects! */ = {
			isa = PBXGroup;
			children = (
				1108ADB01A264C7D00CC4127 /* aura-big.wav */,
				1108ADB11A264C7D00CC4127 /* aura.wav */,
				1108ADB21A264C7D00CC4127 /* basicbeam_charge.wav */,
				1108ADB31A264C7D00CC4127 /* basicbeam_fire.wav */,
				1108ADB41A264C7D00CC4127 /* boom.wav */,
				1108ADB51A264C7D00CC4127 /* chainswoop.wav */,
				1108ADB61A264C7D00CC4127 /* descend.wav */,
				1108ADB71A264C7D00CC4127 /* explosion.wav */,
				1108ADB81A264C7D00CC4127 /* explosion1.wav */,
				1108ADB91A264C7D00CC4127 /* Explosion2.wav */,
				1108ADBA1A264C7D00CC4127 /* finalflash.wav */,
				1108ADBB1A264C7D00CC4127 /* groundhit2.wav */,
				1108ADBC1A264C7D00CC4127 /* groundrecover.wav */,
				1108ADBD1A264C7D00CC4127 /* jump.wav */,
				1108ADBE1A264C7D00CC4127 /* kame_charge.wav */,
				1108ADBF1A264C7D00CC4127 /* kamehameha_fire.wav */,
				1108ADC01A264C7D00CC4127 /* kiplosion.wav */,
				1108ADC11A264C7D00CC4127 /* mase_charge.wav */,
				1108ADC21A264C7D00CC4127 /* mediumkick.wav */,
				1108ADC31A264C7D00CC4127 /* mediumpunch.wav */,
				1108ADC41A264C7D00CC4127 /* meleeflash.wav */,
				1108ADC51A264C7D00CC4127 /* meleehit1.wav */,
				1108ADC61A264C7D00CC4127 /* meleehit2.wav */,
				1108ADC71A264C7D00CC4127 /* meleemiss1.wav */,
				1108ADC81A264C7D00CC4127 /* meleemiss2.wav */,
				1108ADC91A264C7D00CC4127 /* meleemiss3.wav */,
				1108ADCA1A264C7D00CC4127 /* meleestruggletie.wav */,
				1108ADCB1A264C7D00CC4127 /* prepunch1.wav */,
				1108ADCC1A264C7D00CC4127 /* presword1.wav */,
				1108ADCD1A264C7D00CC4127 /* punch.wav */,
				1108ADCE1A264C7D00CC4127 /* rapid punch.wav */,
				1108ADCF1A264C7D00CC4127 /* strongkick.wav */,
				1108ADD01A264C7D00CC4127 /* strongpunch.wav */,
				1108ADD11A264C7D00CC4127 /* supermove.wav */,
				1108ADD21A264C7D00CC4127 /* swoop.wav */,
				1108ADD31A264C7D00CC4127 /* swoophit.wav */,
				1108ADD41A264C7D00CC4127 /* sword-slash.wav */,
				1108ADD51A264C7D00CC4127 /* swordhit.wav */,
				1108ADD61A264C7D00CC4127 /* swordkill.wav */,
				1108ADD71A264C7D00CC4127 /* teleport.wav */,
				1108ADD81A264C7D00CC4127 /* teleport00.wav */,
			);
			path = "DBZ sound effects!";
			sourceTree = "<group>";
		};
		C90F044719F8A51C00DF49CA = {
			isa = PBXGroup;
			children = (
				1108ADA01A264C7D00CC4127 /* Audio */,
				C90F045219F8A51C00DF49CA /* TrialsOfGoku */,
				C90F047119F8A51C00DF49CA /* TrialsOfGokuTests */,
				C90F045119F8A51C00DF49CA /* Products */,
			);
			sourceTree = "<group>";
		};
		C90F045119F8A51C00DF49CA /* Products */ = {
			isa = PBXGroup;
			children = (
				C90F045019F8A51C00DF49CA /* TrialsOfGoku.app */,
				C90F046E19F8A51C00DF49CA /* TrialsOfGokuTests.xctest */,
			);
			name = Products;
			sourceTree = "<group>";
		};
		C90F045219F8A51C00DF49CA /* TrialsOfGoku */ = {
			isa = PBXGroup;
			children = (
				C9A838321A186CD400EF5EE5 /* Levels */,
				C90F049519F8A56B00DF49CA /* Objects */,
				C90F049419F8A56600DF49CA /* Scene */,
				C90F047E19F8A53700DF49CA /* img */,
				C90F045719F8A51C00DF49CA /* AppDelegate.h */,
				C90F045819F8A51C00DF49CA /* AppDelegate.m */,
				C90F045F19F8A51C00DF49CA /* GameViewController.h */,
				C90F046019F8A51C00DF49CA /* GameViewController.m */,
				C90F046219F8A51C00DF49CA /* Main.storyboard */,
				C90F046519F8A51C00DF49CA /* Images.xcassets */,
				C90F046719F8A51C00DF49CA /* LaunchScreen.xib */,
				C90F045319F8A51C00DF49CA /* Supporting Files */,
				C9A838231A1823E200EF5EE5 /* Globals.h */,
			);
			path = TrialsOfGoku;
			sourceTree = "<group>";
		};
		C90F045319F8A51C00DF49CA /* Supporting Files */ = {
			isa = PBXGroup;
			children = (
				C90F045419F8A51C00DF49CA /* Info.plist */,
				C90F045519F8A51C00DF49CA /* main.m */,
			);
			name = "Supporting Files";
			sourceTree = "<group>";
		};
		C90F047119F8A51C00DF49CA /* TrialsOfGokuTests */ = {
			isa = PBXGroup;
			children = (
				C90F047419F8A51C00DF49CA /* TrialsOfGokuTests.m */,
				C90F047219F8A51C00DF49CA /* Supporting Files */,
			);
			path = TrialsOfGokuTests;
			sourceTree = "<group>";
		};
		C90F047219F8A51C00DF49CA /* Supporting Files */ = {
			isa = PBXGroup;
			children = (
				C90F047319F8A51C00DF49CA /* Info.plist */,
			);
			name = "Supporting Files";
			sourceTree = "<group>";
		};
		C90F047E19F8A53700DF49CA /* img */ = {
			isa = PBXGroup;
			children = (
				C976EC911A321C3400AA06F9 /* you_win.png */,
				C905E89B1A2BE78C00B0D8AA /* menu_button.png */,
				C9ADA31F1A2788560034A4DF /* obstacles.atlas */,
				C9A6CCD81A21A11700764048 /* Button.png */,
				C9A6CCDA1A21A11700764048 /* Goku_splash_sketch_phone.png */,
				C9A6CCDB1A21A11700764048 /* Goku_splash_sketch.png */,
				C93F59581A17EC7A00C06817 /* enemies */,
				C93F595C1A17EC7A00C06817 /* goku */,
				C90F048519F8A53700DF49CA /* misc.atlas */,
			);
			path = img;
			sourceTree = "<group>";
		};
		C90F049419F8A56600DF49CA /* Scene */ = {
			isa = PBXGroup;
			children = (
				C90F048E19F8A56200DF49CA /* GameScene.h */,
				C90F048F19F8A56200DF49CA /* GameScene.m */,
			);
			name = Scene;
			sourceTree = "<group>";
		};
		C90F049519F8A56B00DF49CA /* Objects */ = {
			isa = PBXGroup;
			children = (
				C9A838281A185FC100EF5EE5 /* base_object */,
				C9A838271A183F8A00EF5EE5 /* goku */,
				C94209581A16A9F900D0979F /* obstacles */,
				C94A091C1A15B92F00720E8C /* enemies */,
			);
			name = Objects;
			sourceTree = "<group>";
		};
		C93F59581A17EC7A00C06817 /* enemies */ = {
			isa = PBXGroup;
			children = (
				2C94F0571A2C356100D943B7 /* minion2.atlas */,
				2C94F0551A2C321900D943B7 /* minions.atlas */,
				C93F59591A17EC7A00C06817 /* buu.atlas */,
				C93F595A1A17EC7A00C06817 /* cell.atlas */,
			);
			path = enemies;
			sourceTree = "<group>";
		};
		C93F595C1A17EC7A00C06817 /* goku */ = {
			isa = PBXGroup;
			children = (
				C93F595D1A17EC7A00C06817 /* goku_norm.atlas */,
				C93F595E1A17EC7A00C06817 /* goku_ss1.atlas */,
				C93F595F1A17EC7A00C06817 /* goku_ss3.atlas */,
				C93F59601A17EC7A00C06817 /* goku_ss4.atlas */,
			);
			path = goku;
			sourceTree = "<group>";
		};
		C94209581A16A9F900D0979F /* obstacles */ = {
			isa = PBXGroup;
			children = (
				C94209591A16AA0D00D0979F /* SafeObstacle.h */,
				C942095A1A16AA0D00D0979F /* SafeObstacle.m */,
				C942095C1A16AA3300D0979F /* EnemyBlast.h */,
				C942095D1A16AA3300D0979F /* EnemyBlast.m */,
			);
			name = obstacles;
			sourceTree = "<group>";
		};
		C94A091C1A15B92F00720E8C /* enemies */ = {
			isa = PBXGroup;
			children = (
				C94A091D1A15B94000720E8C /* Buu.h */,
				C94A091E1A15B94000720E8C /* Buu.m */,
				C9A838241A183F5200EF5EE5 /* Minion.h */,
				C9A838251A183F5200EF5EE5 /* Minion.m */,
				C9A8382F1A1862A500EF5EE5 /* Cell.h */,
				C9A838301A1862A500EF5EE5 /* Cell.m */,
				2CF2CA321A2C12AF0068B186 /* Minion2.h */,
				2CF2CA331A2C12AF0068B186 /* Minion2.m */,
			);
			name = enemies;
			sourceTree = "<group>";
		};
		C9A838271A183F8A00EF5EE5 /* goku */ = {
			isa = PBXGroup;
			children = (
				C90F049019F8A56200DF49CA /* Goku.h */,
				C90F049119F8A56200DF49CA /* Goku.m */,
				C9C12A471A12648D00629E0C /* PowerBall.h */,
				C9C12A481A12648D00629E0C /* PowerBall.m */,
			);
			name = goku;
			sourceTree = "<group>";
		};
		C9A838281A185FC100EF5EE5 /* base_object */ = {
			isa = PBXGroup;
			children = (
				C9A838291A185FD500EF5EE5 /* BaseObject.h */,
				C9A8382A1A185FD500EF5EE5 /* BaseObject.m */,
			);
			name = base_object;
			sourceTree = "<group>";
		};
		C9A838321A186CD400EF5EE5 /* Levels */ = {
			isa = PBXGroup;
			children = (
				C9ADA3211A2792440034A4DF /* base_level */,
				C9ADA3221A2792510034A4DF /* level_1 */,
				C9ADA3231A2792560034A4DF /* level_2 */,
			);
			name = Levels;
			sourceTree = "<group>";
		};
		C9ADA3211A2792440034A4DF /* base_level */ = {
			isa = PBXGroup;
			children = (
				C9DDA5831A2105420039769D /* BaseLevel.h */,
				C9DDA5841A2105420039769D /* BaseLevel.m */,
			);
			name = base_level;
			sourceTree = "<group>";
		};
		C9ADA3221A2792510034A4DF /* level_1 */ = {
			isa = PBXGroup;
			children = (
				C9A838331A186D2100EF5EE5 /* FirstLevel.h */,
				C9A838341A186D2100EF5EE5 /* FirstLevel.m */,
			);
			name = level_1;
			sourceTree = "<group>";
		};
		C9ADA3231A2792560034A4DF /* level_2 */ = {
			isa = PBXGroup;
			children = (
				C9DB4B451A192D4100EDB976 /* SecondLevel.h */,
				C9DB4B461A192D4100EDB976 /* SecondLevel.m */,
			);
			name = level_2;
			sourceTree = "<group>";
		};
/* End PBXGroup section */

/* Begin PBXNativeTarget section */
		C90F044F19F8A51C00DF49CA /* TrialsOfGoku */ = {
			isa = PBXNativeTarget;
			buildConfigurationList = C90F047819F8A51C00DF49CA /* Build configuration list for PBXNativeTarget "TrialsOfGoku" */;
			buildPhases = (
				C90F044C19F8A51C00DF49CA /* Sources */,
				C90F044D19F8A51C00DF49CA /* Frameworks */,
				C90F044E19F8A51C00DF49CA /* Resources */,
			);
			buildRules = (
			);
			dependencies = (
			);
			name = TrialsOfGoku;
			productName = TrialsOfGoku;
			productReference = C90F045019F8A51C00DF49CA /* TrialsOfGoku.app */;
			productType = "com.apple.product-type.application";
		};
		C90F046D19F8A51C00DF49CA /* TrialsOfGokuTests */ = {
			isa = PBXNativeTarget;
			buildConfigurationList = C90F047B19F8A51C00DF49CA /* Build configuration list for PBXNativeTarget "TrialsOfGokuTests" */;
			buildPhases = (
				C90F046A19F8A51C00DF49CA /* Sources */,
				C90F046B19F8A51C00DF49CA /* Frameworks */,
				C90F046C19F8A51C00DF49CA /* Resources */,
			);
			buildRules = (
			);
			dependencies = (
				C90F047019F8A51C00DF49CA /* PBXTargetDependency */,
			);
			name = TrialsOfGokuTests;
			productName = TrialsOfGokuTests;
			productReference = C90F046E19F8A51C00DF49CA /* TrialsOfGokuTests.xctest */;
			productType = "com.apple.product-type.bundle.unit-test";
		};
/* End PBXNativeTarget section */

/* Begin PBXProject section */
		C90F044819F8A51C00DF49CA /* Project object */ = {
			isa = PBXProject;
			attributes = {
				LastUpgradeCheck = 0610;
				ORGANIZATIONNAME = "Matt Myers";
				TargetAttributes = {
					C90F044F19F8A51C00DF49CA = {
						CreatedOnToolsVersion = 6.1;
						DevelopmentTeam = 97XJS8AAPL;
					};
					C90F046D19F8A51C00DF49CA = {
						CreatedOnToolsVersion = 6.1;
						TestTargetID = C90F044F19F8A51C00DF49CA;
					};
				};
			};
			buildConfigurationList = C90F044B19F8A51C00DF49CA /* Build configuration list for PBXProject "trialsofgoku" */;
			compatibilityVersion = "Xcode 3.2";
			developmentRegion = English;
			hasScannedForEncodings = 0;
			knownRegions = (
				en,
				Base,
			);
			mainGroup = C90F044719F8A51C00DF49CA;
			productRefGroup = C90F045119F8A51C00DF49CA /* Products */;
			projectDirPath = "";
			projectRoot = "";
			targets = (
				C90F044F19F8A51C00DF49CA /* TrialsOfGoku */,
				C90F046D19F8A51C00DF49CA /* TrialsOfGokuTests */,
			);
		};
/* End PBXProject section */

/* Begin PBXResourcesBuildPhase section */
		C90F044E19F8A51C00DF49CA /* Resources */ = {
			isa = PBXResourcesBuildPhase;
			buildActionMask = 2147483647;
			files = (
				1108ADFC1A264C7D00CC4127 /* meleehit2.wav in Resources */,
				1108AE031A264C7D00CC4127 /* punch.wav in Resources */,
				1108ADF81A264C7D00CC4127 /* mediumkick.wav in Resources */,
				1108ADF11A264C7D00CC4127 /* groundhit2.wav in Resources */,
				1108ADE31A264C7D00CC4127 /* RockTheDragon.mp3 in Resources */,
				1108AE091A264C7D00CC4127 /* swoophit.wav in Resources */,
				1108ADE41A264C7D00CC4127 /* vegeta_attack_theme.mp3 in Resources */,
				1108ADF71A264C7D00CC4127 /* mase_charge.wav in Resources */,
				1108AE011A264C7D00CC4127 /* prepunch1.wav in Resources */,
				1108ADFF1A264C7D00CC4127 /* meleemiss3.wav in Resources */,
				1108AE041A264C7D00CC4127 /* rapid punch.wav in Resources */,
				1108ADFD1A264C7D00CC4127 /* meleemiss1.wav in Resources */,
				1108ADF01A264C7D00CC4127 /* finalflash.wav in Resources */,
				1108ADF61A264C7D00CC4127 /* kiplosion.wav in Resources */,
				1108AE021A264C7D00CC4127 /* presword1.wav in Resources */,
				1108ADF21A264C7D00CC4127 /* groundrecover.wav in Resources */,
				1108ADEB1A264C7D00CC4127 /* chainswoop.wav in Resources */,
				1108AE071A264C7D00CC4127 /* supermove.wav in Resources */,
				1108ADEA1A264C7D00CC4127 /* boom.wav in Resources */,
				C93F59671A17EC7A00C06817 /* goku_ss4.atlas in Resources */,
				C90F046919F8A51C00DF49CA /* LaunchScreen.xib in Resources */,
				C90F046619F8A51C00DF49CA /* Images.xcassets in Resources */,
				1108ADDC1A264C7D00CC4127 /* dragon_ball_gt.mp3 in Resources */,
				C93F59611A17EC7A00C06817 /* buu.atlas in Resources */,
				1108AE101A264D4C00CC4127 /* buu_dub.mp3 in Resources */,
				C9A6CCDE1A21A11700764048 /* Goku_splash_sketch_phone.png in Resources */,
				C905E89C1A2BE78C00B0D8AA /* menu_button.png in Resources */,
				1108ADFB1A264C7D00CC4127 /* meleehit1.wav in Resources */,
				1108ADFE1A264C7D00CC4127 /* meleemiss2.wav in Resources */,
				2C94F0581A2C356100D943B7 /* minion2.atlas in Resources */,
				1108ADDA1A264C7D00CC4127 /* Dragon Ball Z Dubstep BY DJ L copy.mp3 in Resources */,
				1108ADE91A264C7D00CC4127 /* basicbeam_fire.wav in Resources */,
				1108ADEC1A264C7D00CC4127 /* descend.wav in Resources */,
				2C94F0561A2C321900D943B7 /* minions.atlas in Resources */,
				1108ADD91A264C7D00CC4127 /* cell.mp3 in Resources */,
				1108ADEF1A264C7D00CC4127 /* Explosion2.wav in Resources */,
				C9ADA3201A2788560034A4DF /* obstacles.atlas in Resources */,
				1108ADEE1A264C7D00CC4127 /* explosion1.wav in Resources */,
				C9A6CCDF1A21A11700764048 /* Goku_splash_sketch.png in Resources */,
				1108AE0D1A264C7D00CC4127 /* teleport.wav in Resources */,
				C93F59651A17EC7A00C06817 /* goku_ss1.atlas in Resources */,
				1108ADDB1A264C7D00CC4127 /* Dragon_Ball_Dub_Step.mp3 in Resources */,
				1108ADED1A264C7D00CC4127 /* explosion.wav in Resources */,
				1108ADF41A264C7D00CC4127 /* kame_charge.wav in Resources */,
				1108ADF31A264C7D00CC4127 /* jump.wav in Resources */,
				C9A6CCDC1A21A11700764048 /* Button.png in Resources */,
				1108ADE71A264C7D00CC4127 /* aura.wav in Resources */,
				C90F048C19F8A53700DF49CA /* misc.atlas in Resources */,
				1108AE051A264C7D00CC4127 /* strongkick.wav in Resources */,
				C93F59621A17EC7A00C06817 /* cell.atlas in Resources */,
				1108ADF51A264C7D00CC4127 /* kamehameha_fire.wav in Resources */,
				C93F59661A17EC7A00C06817 /* goku_ss3.atlas in Resources */,
				1108AE081A264C7D00CC4127 /* swoop.wav in Resources */,
				1108ADE61A264C7D00CC4127 /* aura-big.wav in Resources */,
				1108ADE81A264C7D00CC4127 /* basicbeam_charge.wav in Resources */,
				1108ADE01A264C7D00CC4127 /* dragon_ball_z_theme2.mp3 in Resources */,
				1108ADE21A264C7D00CC4127 /* perfect_cell_theme.mp3 in Resources */,
				1108AE0B1A264C7D00CC4127 /* swordhit.wav in Resources */,
				C976EC921A321C3400AA06F9 /* you_win.png in Resources */,
				1108AE061A264C7D00CC4127 /* strongpunch.wav in Resources */,
				1108AE121A264DC100CC4127 /* Perfect_Cell_Dubstep.mp3 in Resources */,
				1108ADDD1A264C7D00CC4127 /* dragon_ball_opening.mp3 in Resources */,
				1108ADE51A264C7D00CC4127 /* ZMiX_-_Dragon_Ball_Z_Rock_The_Dragon_(Dubs copy.mp3 in Resources */,
				1108ADFA1A264C7D00CC4127 /* meleeflash.wav in Resources */,
				1108ADF91A264C7D00CC4127 /* mediumpunch.wav in Resources */,
				C90F046419F8A51C00DF49CA /* Main.storyboard in Resources */,
				1108AE0A1A264C7D00CC4127 /* sword-slash.wav in Resources */,
				1108ADDF1A264C7D00CC4127 /* dragon_ball_z_theme.mp3 in Resources */,
				C93F59641A17EC7A00C06817 /* goku_norm.atlas in Resources */,
				1108ADE11A264C7D00CC4127 /* perfect_cell.mp3 in Resources */,
				1108AE001A264C7D00CC4127 /* meleestruggletie.wav in Resources */,
				1108ADDE1A264C7D00CC4127 /* dragon_ball_z.mp3 in Resources */,
				1108AE0E1A264C7D00CC4127 /* teleport00.wav in Resources */,
				1108AE0C1A264C7D00CC4127 /* swordkill.wav in Resources */,
			);
			runOnlyForDeploymentPostprocessing = 0;
		};
		C90F046C19F8A51C00DF49CA /* Resources */ = {
			isa = PBXResourcesBuildPhase;
			buildActionMask = 2147483647;
			files = (
			);
			runOnlyForDeploymentPostprocessing = 0;
		};
/* End PBXResourcesBuildPhase section */

/* Begin PBXSourcesBuildPhase section */
		C90F044C19F8A51C00DF49CA /* Sources */ = {
			isa = PBXSourcesBuildPhase;
			buildActionMask = 2147483647;
			files = (
				2CF2CA341A2C12AF0068B186 /* Minion2.m in Sources */,
				C942095E1A16AA3300D0979F /* EnemyBlast.m in Sources */,
				C9A8382B1A185FD500EF5EE5 /* BaseObject.m in Sources */,
				C942095B1A16AA0D00D0979F /* SafeObstacle.m in Sources */,
				C90F046119F8A51C00DF49CA /* GameViewController.m in Sources */,
				C90F049319F8A56200DF49CA /* Goku.m in Sources */,
				C9A838311A1862A500EF5EE5 /* Cell.m in Sources */,
				C9DB4B471A192D4100EDB976 /* SecondLevel.m in Sources */,
				C90F049219F8A56200DF49CA /* GameScene.m in Sources */,
				C94A091F1A15B94000720E8C /* Buu.m in Sources */,
				C9DDA5851A2105420039769D /* BaseLevel.m in Sources */,
				C9A838351A186D2100EF5EE5 /* FirstLevel.m in Sources */,
				C90F045919F8A51C00DF49CA /* AppDelegate.m in Sources */,
				C9A838261A183F5200EF5EE5 /* Minion.m in Sources */,
				C9C12A491A12648D00629E0C /* PowerBall.m in Sources */,
				C90F045619F8A51C00DF49CA /* main.m in Sources */,
			);
			runOnlyForDeploymentPostprocessing = 0;
		};
		C90F046A19F8A51C00DF49CA /* Sources */ = {
			isa = PBXSourcesBuildPhase;
			buildActionMask = 2147483647;
			files = (
				C90F047519F8A51C00DF49CA /* TrialsOfGokuTests.m in Sources */,
			);
			runOnlyForDeploymentPostprocessing = 0;
		};
/* End PBXSourcesBuildPhase section */

/* Begin PBXTargetDependency section */
		C90F047019F8A51C00DF49CA /* PBXTargetDependency */ = {
			isa = PBXTargetDependency;
			target = C90F044F19F8A51C00DF49CA /* TrialsOfGoku */;
			targetProxy = C90F046F19F8A51C00DF49CA /* PBXContainerItemProxy */;
		};
/* End PBXTargetDependency section */

/* Begin PBXVariantGroup section */
		C90F046219F8A51C00DF49CA /* Main.storyboard */ = {
			isa = PBXVariantGroup;
			children = (
				C90F046319F8A51C00DF49CA /* Base */,
			);
			name = Main.storyboard;
			sourceTree = "<group>";
		};
		C90F046719F8A51C00DF49CA /* LaunchScreen.xib */ = {
			isa = PBXVariantGroup;
			children = (
				C90F046819F8A51C00DF49CA /* Base */,
			);
			name = LaunchScreen.xib;
			sourceTree = "<group>";
		};
/* End PBXVariantGroup section */

/* Begin XCBuildConfiguration section */
		C90F047619F8A51C00DF49CA /* Debug */ = {
			isa = XCBuildConfiguration;
			buildSettings = {
				ALWAYS_SEARCH_USER_PATHS = NO;
				CLANG_CXX_LANGUAGE_STANDARD = "gnu++0x";
				CLANG_CXX_LIBRARY = "libc++";
				CLANG_ENABLE_MODULES = YES;
				CLANG_ENABLE_OBJC_ARC = YES;
				CLANG_WARN_BOOL_CONVERSION = YES;
				CLANG_WARN_CONSTANT_CONVERSION = YES;
				CLANG_WARN_DIRECT_OBJC_ISA_USAGE = YES_ERROR;
				CLANG_WARN_EMPTY_BODY = YES;
				CLANG_WARN_ENUM_CONVERSION = YES;
				CLANG_WARN_INT_CONVERSION = YES;
				CLANG_WARN_OBJC_ROOT_CLASS = YES_ERROR;
				CLANG_WARN_UNREACHABLE_CODE = YES;
				CLANG_WARN__DUPLICATE_METHOD_MATCH = YES;
				"CODE_SIGN_IDENTITY[sdk=iphoneos*]" = "iPhone Developer";
				COPY_PHASE_STRIP = NO;
				ENABLE_STRICT_OBJC_MSGSEND = YES;
				GCC_C_LANGUAGE_STANDARD = gnu99;
				GCC_DYNAMIC_NO_PIC = NO;
				GCC_OPTIMIZATION_LEVEL = 0;
				GCC_PREPROCESSOR_DEFINITIONS = (
					"DEBUG=1",
					"$(inherited)",
				);
				GCC_SYMBOLS_PRIVATE_EXTERN = NO;
				GCC_WARN_64_TO_32_BIT_CONVERSION = YES;
				GCC_WARN_ABOUT_RETURN_TYPE = YES_ERROR;
				GCC_WARN_UNDECLARED_SELECTOR = YES;
				GCC_WARN_UNINITIALIZED_AUTOS = YES_AGGRESSIVE;
				GCC_WARN_UNUSED_FUNCTION = YES;
				GCC_WARN_UNUSED_VARIABLE = YES;
				IPHONEOS_DEPLOYMENT_TARGET = 8.1;
				MTL_ENABLE_DEBUG_INFO = YES;
				ONLY_ACTIVE_ARCH = YES;
				SDKROOT = iphoneos;
			};
			name = Debug;
		};
		C90F047719F8A51C00DF49CA /* Release */ = {
			isa = XCBuildConfiguration;
			buildSettings = {
				ALWAYS_SEARCH_USER_PATHS = NO;
				CLANG_CXX_LANGUAGE_STANDARD = "gnu++0x";
				CLANG_CXX_LIBRARY = "libc++";
				CLANG_ENABLE_MODULES = YES;
				CLANG_ENABLE_OBJC_ARC = YES;
				CLANG_WARN_BOOL_CONVERSION = YES;
				CLANG_WARN_CONSTANT_CONVERSION = YES;
				CLANG_WARN_DIRECT_OBJC_ISA_USAGE = YES_ERROR;
				CLANG_WARN_EMPTY_BODY = YES;
				CLANG_WARN_ENUM_CONVERSION = YES;
				CLANG_WARN_INT_CONVERSION = YES;
				CLANG_WARN_OBJC_ROOT_CLASS = YES_ERROR;
				CLANG_WARN_UNREACHABLE_CODE = YES;
				CLANG_WARN__DUPLICATE_METHOD_MATCH = YES;
				"CODE_SIGN_IDENTITY[sdk=iphoneos*]" = "iPhone Developer";
				COPY_PHASE_STRIP = YES;
				ENABLE_NS_ASSERTIONS = NO;
				ENABLE_STRICT_OBJC_MSGSEND = YES;
				GCC_C_LANGUAGE_STANDARD = gnu99;
				GCC_WARN_64_TO_32_BIT_CONVERSION = YES;
				GCC_WARN_ABOUT_RETURN_TYPE = YES_ERROR;
				GCC_WARN_UNDECLARED_SELECTOR = YES;
				GCC_WARN_UNINITIALIZED_AUTOS = YES_AGGRESSIVE;
				GCC_WARN_UNUSED_FUNCTION = YES;
				GCC_WARN_UNUSED_VARIABLE = YES;
				IPHONEOS_DEPLOYMENT_TARGET = 8.1;
				MTL_ENABLE_DEBUG_INFO = NO;
				SDKROOT = iphoneos;
				VALIDATE_PRODUCT = YES;
			};
			name = Release;
		};
		C90F047919F8A51C00DF49CA /* Debug */ = {
			isa = XCBuildConfiguration;
			buildSettings = {
				ASSETCATALOG_COMPILER_APPICON_NAME = AppIcon;
				CODE_SIGN_IDENTITY = "iPhone Developer";
				"CODE_SIGN_IDENTITY[sdk=iphoneos*]" = "iPhone Developer";
				INFOPLIST_FILE = TrialsOfGoku/Info.plist;
				IPHONEOS_DEPLOYMENT_TARGET = 8.1;
				LD_RUNPATH_SEARCH_PATHS = "$(inherited) @executable_path/Frameworks";
				PRODUCT_NAME = "$(TARGET_NAME)";
				PROVISIONING_PROFILE = "";
				TARGETED_DEVICE_FAMILY = "1,2";
			};
			name = Debug;
		};
		C90F047A19F8A51C00DF49CA /* Release */ = {
			isa = XCBuildConfiguration;
			buildSettings = {
				ASSETCATALOG_COMPILER_APPICON_NAME = AppIcon;
				CODE_SIGN_IDENTITY = "iPhone Developer";
				"CODE_SIGN_IDENTITY[sdk=iphoneos*]" = "iPhone Developer";
				INFOPLIST_FILE = TrialsOfGoku/Info.plist;
				IPHONEOS_DEPLOYMENT_TARGET = 8.1;
				LD_RUNPATH_SEARCH_PATHS = "$(inherited) @executable_path/Frameworks";
				PRODUCT_NAME = "$(TARGET_NAME)";
				PROVISIONING_PROFILE = "";
				TARGETED_DEVICE_FAMILY = "1,2";
			};
			name = Release;
		};
		C90F047C19F8A51C00DF49CA /* Debug */ = {
			isa = XCBuildConfiguration;
			buildSettings = {
				BUNDLE_LOADER = "$(TEST_HOST)";
				FRAMEWORK_SEARCH_PATHS = (
					"$(SDKROOT)/Developer/Library/Frameworks",
					"$(inherited)",
				);
				GCC_PREPROCESSOR_DEFINITIONS = (
					"DEBUG=1",
					"$(inherited)",
				);
				INFOPLIST_FILE = TrialsOfGokuTests/Info.plist;
				LD_RUNPATH_SEARCH_PATHS = "$(inherited) @executable_path/Frameworks @loader_path/Frameworks";
				PRODUCT_NAME = "$(TARGET_NAME)";
				TEST_HOST = "$(BUILT_PRODUCTS_DIR)/TrialsOfGoku.app/TrialsOfGoku";
			};
			name = Debug;
		};
		C90F047D19F8A51C00DF49CA /* Release */ = {
			isa = XCBuildConfiguration;
			buildSettings = {
				BUNDLE_LOADER = "$(TEST_HOST)";
				FRAMEWORK_SEARCH_PATHS = (
					"$(SDKROOT)/Developer/Library/Frameworks",
					"$(inherited)",
				);
				INFOPLIST_FILE = TrialsOfGokuTests/Info.plist;
				LD_RUNPATH_SEARCH_PATHS = "$(inherited) @executable_path/Frameworks @loader_path/Frameworks";
				PRODUCT_NAME = "$(TARGET_NAME)";
				TEST_HOST = "$(BUILT_PRODUCTS_DIR)/TrialsOfGoku.app/TrialsOfGoku";
			};
			name = Release;
		};
/* End XCBuildConfiguration section */

/* Begin XCConfigurationList section */
		C90F044B19F8A51C00DF49CA /* Build configuration list for PBXProject "trialsofgoku" */ = {
			isa = XCConfigurationList;
			buildConfigurations = (
				C90F047619F8A51C00DF49CA /* Debug */,
				C90F047719F8A51C00DF49CA /* Release */,
			);
			defaultConfigurationIsVisible = 0;
			defaultConfigurationName = Release;
		};
		C90F047819F8A51C00DF49CA /* Build configuration list for PBXNativeTarget "TrialsOfGoku" */ = {
			isa = XCConfigurationList;
			buildConfigurations = (
				C90F047919F8A51C00DF49CA /* Debug */,
				C90F047A19F8A51C00DF49CA /* Release */,
			);
			defaultConfigurationIsVisible = 0;
			defaultConfigurationName = Release;
		};
		C90F047B19F8A51C00DF49CA /* Build configuration list for PBXNativeTarget "TrialsOfGokuTests" */ = {
			isa = XCConfigurationList;
			buildConfigurations = (
				C90F047C19F8A51C00DF49CA /* Debug */,
				C90F047D19F8A51C00DF49CA /* Release */,
			);
			defaultConfigurationIsVisible = 0;
			defaultConfigurationName = Release;
		};
/* End XCConfigurationList section */
	};
	rootObject = C90F044819F8A51C00DF49CA /* Project object */;
}
